// !$*UTF8*$!
{
	archiveVersion = 1;
	classes = {
	};
	objectVersion = 56;
	objects = {

/* Begin PBXBuildFile section */
		D9C9F14129C9E539003AFFD5 /* AppDelegate.swift in Sources */ = {isa = PBXBuildFile; fileRef = D9C9F14029C9E539003AFFD5 /* AppDelegate.swift */; };
		D9C9F14329C9E539003AFFD5 /* SceneDelegate.swift in Sources */ = {isa = PBXBuildFile; fileRef = D9C9F14229C9E539003AFFD5 /* SceneDelegate.swift */; };
		D9C9F14529C9E539003AFFD5 /* ViewController.swift in Sources */ = {isa = PBXBuildFile; fileRef = D9C9F14429C9E539003AFFD5 /* ViewController.swift */; };
		D9C9F14829C9E539003AFFD5 /* Main.storyboard in Resources */ = {isa = PBXBuildFile; fileRef = D9C9F14629C9E539003AFFD5 /* Main.storyboard */; };
		D9C9F14A29C9E53B003AFFD5 /* Assets.xcassets in Resources */ = {isa = PBXBuildFile; fileRef = D9C9F14929C9E53B003AFFD5 /* Assets.xcassets */; };
		D9C9F14D29C9E53B003AFFD5 /* LaunchScreen.storyboard in Resources */ = {isa = PBXBuildFile; fileRef = D9C9F14B29C9E53B003AFFD5 /* LaunchScreen.storyboard */; };
		D9C9F15829C9E53B003AFFD5 /* fake_peopleTests.swift in Sources */ = {isa = PBXBuildFile; fileRef = D9C9F15729C9E53B003AFFD5 /* fake_peopleTests.swift */; };
		D9C9F16229C9E53B003AFFD5 /* fake_peopleUITests.swift in Sources */ = {isa = PBXBuildFile; fileRef = D9C9F16129C9E53B003AFFD5 /* fake_peopleUITests.swift */; };
		D9C9F16429C9E53B003AFFD5 /* fake_peopleUITestsLaunchTests.swift in Sources */ = {isa = PBXBuildFile; fileRef = D9C9F16329C9E53B003AFFD5 /* fake_peopleUITestsLaunchTests.swift */; };
/* End PBXBuildFile section */

/* Begin PBXContainerItemProxy section */
		D9C9F15429C9E53B003AFFD5 /* PBXContainerItemProxy */ = {
			isa = PBXContainerItemProxy;
			containerPortal = D9C9F13529C9E539003AFFD5 /* Project object */;
			proxyType = 1;
			remoteGlobalIDString = D9C9F13C29C9E539003AFFD5;
			remoteInfo = "fake-people";
		};
		D9C9F15E29C9E53B003AFFD5 /* PBXContainerItemProxy */ = {
			isa = PBXContainerItemProxy;
			containerPortal = D9C9F13529C9E539003AFFD5 /* Project object */;
			proxyType = 1;
			remoteGlobalIDString = D9C9F13C29C9E539003AFFD5;
			remoteInfo = "fake-people";
		};
/* End PBXContainerItemProxy section */

/* Begin PBXFileReference section */
		D9C9F13D29C9E539003AFFD5 /* fake-people.app */ = {isa = PBXFileReference; explicitFileType = wrapper.application; includeInIndex = 0; path = "fake-people.app"; sourceTree = BUILT_PRODUCTS_DIR; };
		D9C9F14029C9E539003AFFD5 /* AppDelegate.swift */ = {isa = PBXFileReference; lastKnownFileType = sourcecode.swift; path = AppDelegate.swift; sourceTree = "<group>"; };
		D9C9F14229C9E539003AFFD5 /* SceneDelegate.swift */ = {isa = PBXFileReference; lastKnownFileType = sourcecode.swift; path = SceneDelegate.swift; sourceTree = "<group>"; };
		D9C9F14429C9E539003AFFD5 /* ViewController.swift */ = {isa = PBXFileReference; lastKnownFileType = sourcecode.swift; path = ViewController.swift; sourceTree = "<group>"; };
		D9C9F14729C9E539003AFFD5 /* Base */ = {isa = PBXFileReference; lastKnownFileType = file.storyboard; name = Base; path = Base.lproj/Main.storyboard; sourceTree = "<group>"; };
		D9C9F14929C9E53B003AFFD5 /* Assets.xcassets */ = {isa = PBXFileReference; lastKnownFileType = folder.assetcatalog; path = Assets.xcassets; sourceTree = "<group>"; };
		D9C9F14C29C9E53B003AFFD5 /* Base */ = {isa = PBXFileReference; lastKnownFileType = file.storyboard; name = Base; path = Base.lproj/LaunchScreen.storyboard; sourceTree = "<group>"; };
		D9C9F14E29C9E53B003AFFD5 /* Info.plist */ = {isa = PBXFileReference; lastKnownFileType = text.plist.xml; path = Info.plist; sourceTree = "<group>"; };
		D9C9F15329C9E53B003AFFD5 /* fake-peopleTests.xctest */ = {isa = PBXFileReference; explicitFileType = wrapper.cfbundle; includeInIndex = 0; path = "fake-peopleTests.xctest"; sourceTree = BUILT_PRODUCTS_DIR; };
		D9C9F15729C9E53B003AFFD5 /* fake_peopleTests.swift */ = {isa = PBXFileReference; lastKnownFileType = sourcecode.swift; path = fake_peopleTests.swift; sourceTree = "<group>"; };
		D9C9F15D29C9E53B003AFFD5 /* fake-peopleUITests.xctest */ = {isa = PBXFileReference; explicitFileType = wrapper.cfbundle; includeInIndex = 0; path = "fake-peopleUITests.xctest"; sourceTree = BUILT_PRODUCTS_DIR; };
		D9C9F16129C9E53B003AFFD5 /* fake_peopleUITests.swift */ = {isa = PBXFileReference; lastKnownFileType = sourcecode.swift; path = fake_peopleUITests.swift; sourceTree = "<group>"; };
		D9C9F16329C9E53B003AFFD5 /* fake_peopleUITestsLaunchTests.swift */ = {isa = PBXFileReference; lastKnownFileType = sourcecode.swift; path = fake_peopleUITestsLaunchTests.swift; sourceTree = "<group>"; };
/* End PBXFileReference section */

/* Begin PBXFrameworksBuildPhase section */
		D9C9F13A29C9E539003AFFD5 /* Frameworks */ = {
			isa = PBXFrameworksBuildPhase;
			buildActionMask = 2147483647;
			files = (
			);
			runOnlyForDeploymentPostprocessing = 0;
		};
		D9C9F15029C9E53B003AFFD5 /* Frameworks */ = {
			isa = PBXFrameworksBuildPhase;
			buildActionMask = 2147483647;
			files = (
			);
			runOnlyForDeploymentPostprocessing = 0;
		};
		D9C9F15A29C9E53B003AFFD5 /* Frameworks */ = {
			isa = PBXFrameworksBuildPhase;
			buildActionMask = 2147483647;
			files = (
			);
			runOnlyForDeploymentPostprocessing = 0;
		};
/* End PBXFrameworksBuildPhase section */

/* Begin PBXGroup section */
		D9C9F13429C9E539003AFFD5 = {
			isa = PBXGroup;
			children = (
				D9C9F13F29C9E539003AFFD5 /* fake-people */,
				D9C9F15629C9E53B003AFFD5 /* fake-peopleTests */,
				D9C9F16029C9E53B003AFFD5 /* fake-peopleUITests */,
				D9C9F13E29C9E539003AFFD5 /* Products */,
			);
			sourceTree = "<group>";
		};
		D9C9F13E29C9E539003AFFD5 /* Products */ = {
			isa = PBXGroup;
			children = (
				D9C9F13D29C9E539003AFFD5 /* fake-people.app */,
				D9C9F15329C9E53B003AFFD5 /* fake-peopleTests.xctest */,
				D9C9F15D29C9E53B003AFFD5 /* fake-peopleUITests.xctest */,
			);
			name = Products;
			sourceTree = "<group>";
		};
		D9C9F13F29C9E539003AFFD5 /* fake-people */ = {
			isa = PBXGroup;
			children = (
				D9C9F14029C9E539003AFFD5 /* AppDelegate.swift */,
				D9C9F14229C9E539003AFFD5 /* SceneDelegate.swift */,
				D9C9F14429C9E539003AFFD5 /* ViewController.swift */,
				D9C9F14629C9E539003AFFD5 /* Main.storyboard */,
				D9C9F14929C9E53B003AFFD5 /* Assets.xcassets */,
				D9C9F14B29C9E53B003AFFD5 /* LaunchScreen.storyboard */,
				D9C9F14E29C9E53B003AFFD5 /* Info.plist */,
			);
			path = "fake-people";
			sourceTree = "<group>";
		};
		D9C9F15629C9E53B003AFFD5 /* fake-peopleTests */ = {
			isa = PBXGroup;
			children = (
				D9C9F15729C9E53B003AFFD5 /* fake_peopleTests.swift */,
			);
			path = "fake-peopleTests";
			sourceTree = "<group>";
		};
		D9C9F16029C9E53B003AFFD5 /* fake-peopleUITests */ = {
			isa = PBXGroup;
			children = (
				D9C9F16129C9E53B003AFFD5 /* fake_peopleUITests.swift */,
				D9C9F16329C9E53B003AFFD5 /* fake_peopleUITestsLaunchTests.swift */,
			);
			path = "fake-peopleUITests";
			sourceTree = "<group>";
		};
/* End PBXGroup section */

/* Begin PBXNativeTarget section */
		D9C9F13C29C9E539003AFFD5 /* fake-people */ = {
			isa = PBXNativeTarget;
			buildConfigurationList = D9C9F16729C9E53B003AFFD5 /* Build configuration list for PBXNativeTarget "fake-people" */;
			buildPhases = (
				D9C9F13929C9E539003AFFD5 /* Sources */,
				D9C9F13A29C9E539003AFFD5 /* Frameworks */,
				D9C9F13B29C9E539003AFFD5 /* Resources */,
			);
			buildRules = (
			);
			dependencies = (
			);
			name = "fake-people";
			productName = "fake-people";
			productReference = D9C9F13D29C9E539003AFFD5 /* fake-people.app */;
			productType = "com.apple.product-type.application";
		};
		D9C9F15229C9E53B003AFFD5 /* fake-peopleTests */ = {
			isa = PBXNativeTarget;
			buildConfigurationList = D9C9F16A29C9E53B003AFFD5 /* Build configuration list for PBXNativeTarget "fake-peopleTests" */;
			buildPhases = (
				D9C9F14F29C9E53B003AFFD5 /* Sources */,
				D9C9F15029C9E53B003AFFD5 /* Frameworks */,
				D9C9F15129C9E53B003AFFD5 /* Resources */,
			);
			buildRules = (
			);
			dependencies = (
				D9C9F15529C9E53B003AFFD5 /* PBXTargetDependency */,
			);
			name = "fake-peopleTests";
			productName = "fake-peopleTests";
			productReference = D9C9F15329C9E53B003AFFD5 /* fake-peopleTests.xctest */;
			productType = "com.apple.product-type.bundle.unit-test";
		};
		D9C9F15C29C9E53B003AFFD5 /* fake-peopleUITests */ = {
			isa = PBXNativeTarget;
			buildConfigurationList = D9C9F16D29C9E53B003AFFD5 /* Build configuration list for PBXNativeTarget "fake-peopleUITests" */;
			buildPhases = (
				D9C9F15929C9E53B003AFFD5 /* Sources */,
				D9C9F15A29C9E53B003AFFD5 /* Frameworks */,
				D9C9F15B29C9E53B003AFFD5 /* Resources */,
			);
			buildRules = (
			);
			dependencies = (
				D9C9F15F29C9E53B003AFFD5 /* PBXTargetDependency */,
			);
			name = "fake-peopleUITests";
			productName = "fake-peopleUITests";
			productReference = D9C9F15D29C9E53B003AFFD5 /* fake-peopleUITests.xctest */;
			productType = "com.apple.product-type.bundle.ui-testing";
		};
/* End PBXNativeTarget section */

/* Begin PBXProject section */
		D9C9F13529C9E539003AFFD5 /* Project object */ = {
			isa = PBXProject;
			attributes = {
				BuildIndependentTargetsInParallel = 1;
				LastSwiftUpdateCheck = 1410;
				LastUpgradeCheck = 1410;
				TargetAttributes = {
					D9C9F13C29C9E539003AFFD5 = {
						CreatedOnToolsVersion = 14.1;
					};
					D9C9F15229C9E53B003AFFD5 = {
						CreatedOnToolsVersion = 14.1;
						TestTargetID = D9C9F13C29C9E539003AFFD5;
					};
					D9C9F15C29C9E53B003AFFD5 = {
						CreatedOnToolsVersion = 14.1;
						TestTargetID = D9C9F13C29C9E539003AFFD5;
					};
				};
			};
			buildConfigurationList = D9C9F13829C9E539003AFFD5 /* Build configuration list for PBXProject "fake-people" */;
			compatibilityVersion = "Xcode 14.0";
			developmentRegion = en;
			hasScannedForEncodings = 0;
			knownRegions = (
				en,
				Base,
			);
			mainGroup = D9C9F13429C9E539003AFFD5;
			productRefGroup = D9C9F13E29C9E539003AFFD5 /* Products */;
			projectDirPath = "";
			projectRoot = "";
			targets = (
				D9C9F13C29C9E539003AFFD5 /* fake-people */,
				D9C9F15229C9E53B003AFFD5 /* fake-peopleTests */,
				D9C9F15C29C9E53B003AFFD5 /* fake-peopleUITests */,
			);
		};
/* End PBXProject section */

/* Begin PBXResourcesBuildPhase section */
		D9C9F13B29C9E539003AFFD5 /* Resources */ = {
			isa = PBXResourcesBuildPhase;
			buildActionMask = 2147483647;
			files = (
				D9C9F14D29C9E53B003AFFD5 /* LaunchScreen.storyboard in Resources */,
				D9C9F14A29C9E53B003AFFD5 /* Assets.xcassets in Resources */,
				D9C9F14829C9E539003AFFD5 /* Main.storyboard in Resources */,
			);
			runOnlyForDeploymentPostprocessing = 0;
		};
		D9C9F15129C9E53B003AFFD5 /* Resources */ = {
			isa = PBXResourcesBuildPhase;
			buildActionMask = 2147483647;
			files = (
			);
			runOnlyForDeploymentPostprocessing = 0;
		};
		D9C9F15B29C9E53B003AFFD5 /* Resources */ = {
			isa = PBXResourcesBuildPhase;
			buildActionMask = 2147483647;
			files = (
			);
			runOnlyForDeploymentPostprocessing = 0;
		};
/* End PBXResourcesBuildPhase section */

/* Begin PBXSourcesBuildPhase section */
		D9C9F13929C9E539003AFFD5 /* Sources */ = {
			isa = PBXSourcesBuildPhase;
			buildActionMask = 2147483647;
			files = (
				D9C9F14529C9E539003AFFD5 /* ViewController.swift in Sources */,
				D9C9F14129C9E539003AFFD5 /* AppDelegate.swift in Sources */,
				D9C9F14329C9E539003AFFD5 /* SceneDelegate.swift in Sources */,
			);
			runOnlyForDeploymentPostprocessing = 0;
		};
		D9C9F14F29C9E53B003AFFD5 /* Sources */ = {
			isa = PBXSourcesBuildPhase;
			buildActionMask = 2147483647;
			files = (
				D9C9F15829C9E53B003AFFD5 /* fake_peopleTests.swift in Sources */,
			);
			runOnlyForDeploymentPostprocessing = 0;
		};
		D9C9F15929C9E53B003AFFD5 /* Sources */ = {
			isa = PBXSourcesBuildPhase;
			buildActionMask = 2147483647;
			files = (
				D9C9F16429C9E53B003AFFD5 /* fake_peopleUITestsLaunchTests.swift in Sources */,
				D9C9F16229C9E53B003AFFD5 /* fake_peopleUITests.swift in Sources */,
			);
			runOnlyForDeploymentPostprocessing = 0;
		};
/* End PBXSourcesBuildPhase section */

/* Begin PBXTargetDependency section */
		D9C9F15529C9E53B003AFFD5 /* PBXTargetDependency */ = {
			isa = PBXTargetDependency;
			target = D9C9F13C29C9E539003AFFD5 /* fake-people */;
			targetProxy = D9C9F15429C9E53B003AFFD5 /* PBXContainerItemProxy */;
		};
		D9C9F15F29C9E53B003AFFD5 /* PBXTargetDependency */ = {
			isa = PBXTargetDependency;
			target = D9C9F13C29C9E539003AFFD5 /* fake-people */;
			targetProxy = D9C9F15E29C9E53B003AFFD5 /* PBXContainerItemProxy */;
		};
/* End PBXTargetDependency section */

/* Begin PBXVariantGroup section */
		D9C9F14629C9E539003AFFD5 /* Main.storyboard */ = {
			isa = PBXVariantGroup;
			children = (
				D9C9F14729C9E539003AFFD5 /* Base */,
			);
			name = Main.storyboard;
			sourceTree = "<group>";
		};
		D9C9F14B29C9E53B003AFFD5 /* LaunchScreen.storyboard */ = {
			isa = PBXVariantGroup;
			children = (
				D9C9F14C29C9E53B003AFFD5 /* Base */,
			);
			name = LaunchScreen.storyboard;
			sourceTree = "<group>";
		};
/* End PBXVariantGroup section */

/* Begin XCBuildConfiguration section */
		D9C9F16529C9E53B003AFFD5 /* Debug */ = {
			isa = XCBuildConfiguration;
			buildSettings = {
				ALWAYS_SEARCH_USER_PATHS = NO;
				CLANG_ANALYZER_NONNULL = YES;
				CLANG_ANALYZER_NUMBER_OBJECT_CONVERSION = YES_AGGRESSIVE;
				CLANG_CXX_LANGUAGE_STANDARD = "gnu++20";
				CLANG_ENABLE_MODULES = YES;
				CLANG_ENABLE_OBJC_ARC = YES;
				CLANG_ENABLE_OBJC_WEAK = YES;
				CLANG_WARN_BLOCK_CAPTURE_AUTORELEASING = YES;
				CLANG_WARN_BOOL_CONVERSION = YES;
				CLANG_WARN_COMMA = YES;
				CLANG_WARN_CONSTANT_CONVERSION = YES;
				CLANG_WARN_DEPRECATED_OBJC_IMPLEMENTATIONS = YES;
				CLANG_WARN_DIRECT_OBJC_ISA_USAGE = YES_ERROR;
				CLANG_WARN_DOCUMENTATION_COMMENTS = YES;
				CLANG_WARN_EMPTY_BODY = YES;
				CLANG_WARN_ENUM_CONVERSION = YES;
				CLANG_WARN_INFINITE_RECURSION = YES;
				CLANG_WARN_INT_CONVERSION = YES;
				CLANG_WARN_NON_LITERAL_NULL_CONVERSION = YES;
				CLANG_WARN_OBJC_IMPLICIT_RETAIN_SELF = YES;
				CLANG_WARN_OBJC_LITERAL_CONVERSION = YES;
				CLANG_WARN_OBJC_ROOT_CLASS = YES_ERROR;
				CLANG_WARN_QUOTED_INCLUDE_IN_FRAMEWORK_HEADER = YES;
				CLANG_WARN_RANGE_LOOP_ANALYSIS = YES;
				CLANG_WARN_STRICT_PROTOTYPES = YES;
				CLANG_WARN_SUSPICIOUS_MOVE = YES;
				CLANG_WARN_UNGUARDED_AVAILABILITY = YES_AGGRESSIVE;
				CLANG_WARN_UNREACHABLE_CODE = YES;
				CLANG_WARN__DUPLICATE_METHOD_MATCH = YES;
				COPY_PHASE_STRIP = NO;
				DEBUG_INFORMATION_FORMAT = dwarf;
				ENABLE_STRICT_OBJC_MSGSEND = YES;
				ENABLE_TESTABILITY = YES;
				GCC_C_LANGUAGE_STANDARD = gnu11;
				GCC_DYNAMIC_NO_PIC = NO;
				GCC_NO_COMMON_BLOCKS = YES;
				GCC_OPTIMIZATION_LEVEL = 0;
				GCC_PREPROCESSOR_DEFINITIONS = (
					"DEBUG=1",
					"$(inherited)",
				);
				GCC_WARN_64_TO_32_BIT_CONVERSION = YES;
				GCC_WARN_ABOUT_RETURN_TYPE = YES_ERROR;
				GCC_WARN_UNDECLARED_SELECTOR = YES;
				GCC_WARN_UNINITIALIZED_AUTOS = YES_AGGRESSIVE;
				GCC_WARN_UNUSED_FUNCTION = YES;
				GCC_WARN_UNUSED_VARIABLE = YES;
				IPHONEOS_DEPLOYMENT_TARGET = 16.1;
				MTL_ENABLE_DEBUG_INFO = INCLUDE_SOURCE;
				MTL_FAST_MATH = YES;
				ONLY_ACTIVE_ARCH = YES;
				SDKROOT = iphoneos;
				SWIFT_ACTIVE_COMPILATION_CONDITIONS = DEBUG;
				SWIFT_OPTIMIZATION_LEVEL = "-Onone";
			};
			name = Debug;
		};
		D9C9F16629C9E53B003AFFD5 /* Release */ = {
			isa = XCBuildConfiguration;
			buildSettings = {
				ALWAYS_SEARCH_USER_PATHS = NO;
				CLANG_ANALYZER_NONNULL = YES;
				CLANG_ANALYZER_NUMBER_OBJECT_CONVERSION = YES_AGGRESSIVE;
				CLANG_CXX_LANGUAGE_STANDARD = "gnu++20";
				CLANG_ENABLE_MODULES = YES;
				CLANG_ENABLE_OBJC_ARC = YES;
				CLANG_ENABLE_OBJC_WEAK = YES;
				CLANG_WARN_BLOCK_CAPTURE_AUTORELEASING = YES;
				CLANG_WARN_BOOL_CONVERSION = YES;
				CLANG_WARN_COMMA = YES;
				CLANG_WARN_CONSTANT_CONVERSION = YES;
				CLANG_WARN_DEPRECATED_OBJC_IMPLEMENTATIONS = YES;
				CLANG_WARN_DIRECT_OBJC_ISA_USAGE = YES_ERROR;
				CLANG_WARN_DOCUMENTATION_COMMENTS = YES;
				CLANG_WARN_EMPTY_BODY = YES;
				CLANG_WARN_ENUM_CONVERSION = YES;
				CLANG_WARN_INFINITE_RECURSION = YES;
				CLANG_WARN_INT_CONVERSION = YES;
				CLANG_WARN_NON_LITERAL_NULL_CONVERSION = YES;
				CLANG_WARN_OBJC_IMPLICIT_RETAIN_SELF = YES;
				CLANG_WARN_OBJC_LITERAL_CONVERSION = YES;
				CLANG_WARN_OBJC_ROOT_CLASS = YES_ERROR;
				CLANG_WARN_QUOTED_INCLUDE_IN_FRAMEWORK_HEADER = YES;
				CLANG_WARN_RANGE_LOOP_ANALYSIS = YES;
				CLANG_WARN_STRICT_PROTOTYPES = YES;
				CLANG_WARN_SUSPICIOUS_MOVE = YES;
				CLANG_WARN_UNGUARDED_AVAILABILITY = YES_AGGRESSIVE;
				CLANG_WARN_UNREACHABLE_CODE = YES;
				CLANG_WARN__DUPLICATE_METHOD_MATCH = YES;
				COPY_PHASE_STRIP = NO;
				DEBUG_INFORMATION_FORMAT = "dwarf-with-dsym";
				ENABLE_NS_ASSERTIONS = NO;
				ENABLE_STRICT_OBJC_MSGSEND = YES;
				GCC_C_LANGUAGE_STANDARD = gnu11;
				GCC_NO_COMMON_BLOCKS = YES;
				GCC_WARN_64_TO_32_BIT_CONVERSION = YES;
				GCC_WARN_ABOUT_RETURN_TYPE = YES_ERROR;
				GCC_WARN_UNDECLARED_SELECTOR = YES;
				GCC_WARN_UNINITIALIZED_AUTOS = YES_AGGRESSIVE;
				GCC_WARN_UNUSED_FUNCTION = YES;
				GCC_WARN_UNUSED_VARIABLE = YES;
				IPHONEOS_DEPLOYMENT_TARGET = 16.1;
				MTL_ENABLE_DEBUG_INFO = NO;
				MTL_FAST_MATH = YES;
				SDKROOT = iphoneos;
				SWIFT_COMPILATION_MODE = wholemodule;
				SWIFT_OPTIMIZATION_LEVEL = "-O";
				VALIDATE_PRODUCT = YES;
			};
			name = Release;
		};
		D9C9F16829C9E53B003AFFD5 /* Debug */ = {
			isa = XCBuildConfiguration;
			buildSettings = {
				ASSETCATALOG_COMPILER_APPICON_NAME = AppIcon;
				ASSETCATALOG_COMPILER_GLOBAL_ACCENT_COLOR_NAME = AccentColor;
				CODE_SIGN_STYLE = Automatic;
				CURRENT_PROJECT_VERSION = 1;
				DEVELOPMENT_TEAM = G639H868D6;
				GENERATE_INFOPLIST_FILE = YES;
				INFOPLIST_FILE = "fake-people/Info.plist";
				INFOPLIST_KEY_UIApplicationSupportsIndirectInputEvents = YES;
				INFOPLIST_KEY_UILaunchStoryboardName = LaunchScreen;
				INFOPLIST_KEY_UIMainStoryboardFile = Main;
				INFOPLIST_KEY_UISupportedInterfaceOrientations_iPad = "UIInterfaceOrientationPortrait UIInterfaceOrientationPortraitUpsideDown UIInterfaceOrientationLandscapeLeft UIInterfaceOrientationLandscapeRight";
				INFOPLIST_KEY_UISupportedInterfaceOrientations_iPhone = "UIInterfaceOrientationPortrait UIInterfaceOrientationLandscapeLeft UIInterfaceOrientationLandscapeRight";
				LD_RUNPATH_SEARCH_PATHS = (
					"$(inherited)",
					"@executable_path/Frameworks",
				);
				MARKETING_VERSION = 1.0;
				PRODUCT_BUNDLE_IDENTIFIER = "com.ismailtever.fake-people";
				PRODUCT_NAME = "$(TARGET_NAME)";
				SWIFT_EMIT_LOC_STRINGS = YES;
				SWIFT_VERSION = 5.0;
				TARGETED_DEVICE_FAMILY = "1,2";
			};
			name = Debug;
		};
		D9C9F16929C9E53B003AFFD5 /* Release */ = {
			isa = XCBuildConfiguration;
			buildSettings = {
				ASSETCATALOG_COMPILER_APPICON_NAME = AppIcon;
				ASSETCATALOG_COMPILER_GLOBAL_ACCENT_COLOR_NAME = AccentColor;
				CODE_SIGN_STYLE = Automatic;
				CURRENT_PROJECT_VERSION = 1;
				DEVELOPMENT_TEAM = G639H868D6;
				GENERATE_INFOPLIST_FILE = YES;
				INFOPLIST_FILE = "fake-people/Info.plist";
				INFOPLIST_KEY_UIApplicationSupportsIndirectInputEvents = YES;
				INFOPLIST_KEY_UILaunchStoryboardName = LaunchScreen;
				INFOPLIST_KEY_UIMainStoryboardFile = Main;
				INFOPLIST_KEY_UISupportedInterfaceOrientations_iPad = "UIInterfaceOrientationPortrait UIInterfaceOrientationPortraitUpsideDown UIInterfaceOrientationLandscapeLeft UIInterfaceOrientationLandscapeRight";
				INFOPLIST_KEY_UISupportedInterfaceOrientations_iPhone = "UIInterfaceOrientationPortrait UIInterfaceOrientationLandscapeLeft UIInterfaceOrientationLandscapeRight";
				LD_RUNPATH_SEARCH_PATHS = (
					"$(inherited)",
					"@executable_path/Frameworks",
				);
				MARKETING_VERSION = 1.0;
				PRODUCT_BUNDLE_IDENTIFIER = "com.ismailtever.fake-people";
				PRODUCT_NAME = "$(TARGET_NAME)";
				SWIFT_EMIT_LOC_STRINGS = YES;
				SWIFT_VERSION = 5.0;
				TARGETED_DEVICE_FAMILY = "1,2";
			};
			name = Release;
		};
		D9C9F16B29C9E53B003AFFD5 /* Debug */ = {
			isa = XCBuildConfiguration;
			buildSettings = {
				ALWAYS_EMBED_SWIFT_STANDARD_LIBRARIES = YES;
				BUNDLE_LOADER = "$(TEST_HOST)";
				CODE_SIGN_STYLE = Automatic;
				CURRENT_PROJECT_VERSION = 1;
				DEVELOPMENT_TEAM = G639H868D6;
				GENERATE_INFOPLIST_FILE = YES;
				IPHONEOS_DEPLOYMENT_TARGET = 16.1;
				MARKETING_VERSION = 1.0;
				PRODUCT_BUNDLE_IDENTIFIER = "com.ismailtever.fake-peopleTests";
				PRODUCT_NAME = "$(TARGET_NAME)";
				SWIFT_EMIT_LOC_STRINGS = NO;
				SWIFT_VERSION = 5.0;
				TARGETED_DEVICE_FAMILY = "1,2";
				TEST_HOST = "$(BUILT_PRODUCTS_DIR)/fake-people.app/$(BUNDLE_EXECUTABLE_FOLDER_PATH)/fake-people";
			};
			name = Debug;
		};
		D9C9F16C29C9E53B003AFFD5 /* Release */ = {
			isa = XCBuildConfiguration;
			buildSettings = {
				ALWAYS_EMBED_SWIFT_STANDARD_LIBRARIES = YES;
				BUNDLE_LOADER = "$(TEST_HOST)";
				CODE_SIGN_STYLE = Automatic;
				CURRENT_PROJECT_VERSION = 1;
				DEVELOPMENT_TEAM = G639H868D6;
				GENERATE_INFOPLIST_FILE = YES;
				IPHONEOS_DEPLOYMENT_TARGET = 16.1;
				MARKETING_VERSION = 1.0;
				PRODUCT_BUNDLE_IDENTIFIER = "com.ismailtever.fake-peopleTests";
				PRODUCT_NAME = "$(TARGET_NAME)";
				SWIFT_EMIT_LOC_STRINGS = NO;
				SWIFT_VERSION = 5.0;
				TARGETED_DEVICE_FAMILY = "1,2";
				TEST_HOST = "$(BUILT_PRODUCTS_DIR)/fake-people.app/$(BUNDLE_EXECUTABLE_FOLDER_PATH)/fake-people";
			};
			name = Release;
		};
		D9C9F16E29C9E53B003AFFD5 /* Debug */ = {
			isa = XCBuildConfiguration;
			buildSettings = {
				ALWAYS_EMBED_SWIFT_STANDARD_LIBRARIES = YES;
				CODE_SIGN_STYLE = Automatic;
				CURRENT_PROJECT_VERSION = 1;
				DEVELOPMENT_TEAM = G639H868D6;
				GENERATE_INFOPLIST_FILE = YES;
				MARKETING_VERSION = 1.0;
				PRODUCT_BUNDLE_IDENTIFIER = "com.ismailtever.fake-peopleUITests";
				PRODUCT_NAME = "$(TARGET_NAME)";
				SWIFT_EMIT_LOC_STRINGS = NO;
				SWIFT_VERSION = 5.0;
				TARGETED_DEVICE_FAMILY = "1,2";
				TEST_TARGET_NAME = "fake-people";
			};
			name = Debug;
		};
		D9C9F16F29C9E53B003AFFD5 /* Release */ = {
			isa = XCBuildConfiguration;
			buildSettings = {
				ALWAYS_EMBED_SWIFT_STANDARD_LIBRARIES = YES;
				CODE_SIGN_STYLE = Automatic;
				CURRENT_PROJECT_VERSION = 1;
				DEVELOPMENT_TEAM = G639H868D6;
				GENERATE_INFOPLIST_FILE = YES;
				MARKETING_VERSION = 1.0;
				PRODUCT_BUNDLE_IDENTIFIER = "com.ismailtever.fake-peopleUITests";
				PRODUCT_NAME = "$(TARGET_NAME)";
				SWIFT_EMIT_LOC_STRINGS = NO;
				SWIFT_VERSION = 5.0;
				TARGETED_DEVICE_FAMILY = "1,2";
				TEST_TARGET_NAME = "fake-people";
			};
			name = Release;
		};
/* End XCBuildConfiguration section */

/* Begin XCConfigurationList section */
		D9C9F13829C9E539003AFFD5 /* Build configuration list for PBXProject "fake-people" */ = {
			isa = XCConfigurationList;
			buildConfigurations = (
				D9C9F16529C9E53B003AFFD5 /* Debug */,
				D9C9F16629C9E53B003AFFD5 /* Release */,
			);
			defaultConfigurationIsVisible = 0;
			defaultConfigurationName = Release;
		};
		D9C9F16729C9E53B003AFFD5 /* Build configuration list for PBXNativeTarget "fake-people" */ = {
			isa = XCConfigurationList;
			buildConfigurations = (
				D9C9F16829C9E53B003AFFD5 /* Debug */,
				D9C9F16929C9E53B003AFFD5 /* Release */,
			);
			defaultConfigurationIsVisible = 0;
			defaultConfigurationName = Release;
		};
		D9C9F16A29C9E53B003AFFD5 /* Build configuration list for PBXNativeTarget "fake-peopleTests" */ = {
			isa = XCConfigurationList;
			buildConfigurations = (
				D9C9F16B29C9E53B003AFFD5 /* Debug */,
				D9C9F16C29C9E53B003AFFD5 /* Release */,
			);
			defaultConfigurationIsVisible = 0;
			defaultConfigurationName = Release;
		};
		D9C9F16D29C9E53B003AFFD5 /* Build configuration list for PBXNativeTarget "fake-peopleUITests" */ = {
			isa = XCConfigurationList;
			buildConfigurations = (
				D9C9F16E29C9E53B003AFFD5 /* Debug */,
				D9C9F16F29C9E53B003AFFD5 /* Release */,
			);
			defaultConfigurationIsVisible = 0;
			defaultConfigurationName = Release;
		};
/* End XCConfigurationList section */
	};
	rootObject = D9C9F13529C9E539003AFFD5 /* Project object */;
}
